
Microsoft Visual Studio Solution File, Format Version 12.00
# Visual Studio 2013
VisualStudioVersion = 12.0.31101.0
MinimumVisualStudioVersion = 10.0.40219.1
Project("{FAE04EC0-301F-11D3-BF4B-00C04F79EFBC}") = "LocalDynamoDb", "LocalDynamoDb\LocalDynamoDb.csproj", "{ABA9C47D-C519-4C55-82E1-20F2B188C1BC}"
EndProject
Project("{FAE04EC0-301F-11D3-BF4B-00C04F79EFBC}") = "LocalDynamoDb.Tests", "LocalDynamoDb.Tests\LocalDynamoDb.Tests.csproj", "{BAA67D92-C4B4-4E19-8EE6-F820312BC127}"
EndProject
Global
	GlobalSection(SolutionConfigurationPlatforms) = preSolution
		Debug|Any CPU = Debug|Any CPU
		Release|Any CPU = Release|Any CPU
	EndGlobalSection
	GlobalSection(ProjectConfigurationPlatforms) = postSolution
		{ABA9C47D-C519-4C55-82E1-20F2B188C1BC}.Debug|Any CPU.ActiveCfg = Debug|Any CPU
		{ABA9C47D-C519-4C55-82E1-20F2B188C1BC}.Debug|Any CPU.Build.0 = Debug|Any CPU
		{ABA9C47D-C519-4C55-82E1-20F2B188C1BC}.Release|Any CPU.ActiveCfg = Release|Any CPU
		{ABA9C47D-C519-4C55-82E1-20F2B188C1BC}.Release|Any CPU.Build.0 = Release|Any CPU
		{BAA67D92-C4B4-4E19-8EE6-F820312BC127}.Debug|Any CPU.ActiveCfg = Debug|Any CPU
		{BAA67D92-C4B4-4E19-8EE6-F820312BC127}.Debug|Any CPU.Build.0 = Debug|Any CPU
		{BAA67D92-C4B4-4E19-8EE6-F820312BC127}.Release|Any CPU.ActiveCfg = Release|Any CPU
		{BAA67D92-C4B4-4E19-8EE6-F820312BC127}.Release|Any CPU.Build.0 = Release|Any CPU
	EndGlobalSection
	GlobalSection(SolutionProperties) = preSolution
		HideSolutionNode = FALSE
	EndGlobalSection
EndGlobal
