
Microsoft Visual Studio Solution File, Format Version 12.00
# Visual Studio 2013
VisualStudioVersion = 12.0.31101.0
MinimumVisualStudioVersion = 10.0.40219.1
Project("{FAE04EC0-301F-11D3-BF4B-00C04F79EFBC}") = "LocalDynamoDb", "LocalDynamoDb\LocalDynamoDb.csproj", "{539FC644-A20D-4EF3-854F-A3914CA3370C}"
EndProject
Project("{FAE04EC0-301F-11D3-BF4B-00C04F79EFBC}") = "LocalDynamoDb.Test", "LocalDynamoDb.Test\LocalDynamoDb.Test.csproj", "{B41489A4-D698-455E-BA09-26EB1EC260C0}"
EndProject
Global
	GlobalSection(SolutionConfigurationPlatforms) = preSolution
		Debug|Any CPU = Debug|Any CPU
		Release|Any CPU = Release|Any CPU
	EndGlobalSection
	GlobalSection(ProjectConfigurationPlatforms) = postSolution
		{539FC644-A20D-4EF3-854F-A3914CA3370C}.Debug|Any CPU.ActiveCfg = Debug|Any CPU
		{539FC644-A20D-4EF3-854F-A3914CA3370C}.Debug|Any CPU.Build.0 = Debug|Any CPU
		{539FC644-A20D-4EF3-854F-A3914CA3370C}.Release|Any CPU.ActiveCfg = Release|Any CPU
		{539FC644-A20D-4EF3-854F-A3914CA3370C}.Release|Any CPU.Build.0 = Release|Any CPU
		{B41489A4-D698-455E-BA09-26EB1EC260C0}.Debug|Any CPU.ActiveCfg = Debug|Any CPU
		{B41489A4-D698-455E-BA09-26EB1EC260C0}.Debug|Any CPU.Build.0 = Debug|Any CPU
		{B41489A4-D698-455E-BA09-26EB1EC260C0}.Release|Any CPU.ActiveCfg = Release|Any CPU
		{B41489A4-D698-455E-BA09-26EB1EC260C0}.Release|Any CPU.Build.0 = Release|Any CPU
	EndGlobalSection
	GlobalSection(SolutionProperties) = preSolution
		HideSolutionNode = FALSE
	EndGlobalSection
EndGlobal
